<?xml version="1.0" encoding="utf-8"?>
<Project ToolsVersion="4.0" xmlns="http://schemas.microsoft.com/developer/msbuild/2003">
  <ItemGroup>
    <Filter Include="Source Files">
      <UniqueIdentifier>{4FC737F1-C7A5-4376-A066-2A32D752A2FF}</UniqueIdentifier>
      <Extensions>cpp;c;cc;cxx;def;odl;idl;hpj;bat;asm;asmx</Extensions>
    </Filter>
    <Filter Include="Header Files">
      <UniqueIdentifier>{93995380-89BD-4b04-88EB-625FBE52EBFB}</UniqueIdentifier>
      <Extensions>h;hh;hpp;hxx;hm;inl;inc;ipp;xsd</Extensions>
    </Filter>
    <Filter Include="Resource Files">
      <UniqueIdentifier>{67DA6AB6-F800-4c08-8B7A-83BB121AAD01}</UniqueIdentifier>
      <Extensions>rc;ico;cur;bmp;dlg;rc2;rct;bin;rgs;gif;jpg;jpeg;jpe;resx;tiff;tif;png;wav;mfcribbon-ms</Extensions>
    </Filter>
  </ItemGroup>
  <ItemGroup>
    <ClInclude Include="record.h">
      <Filter>Header Files</Filter>
    </ClInclude>
    <ClInclude Include="utils.h">
      <Filter>Header Files</Filter>
    </ClInclude>
    <ClInclude Include="svm.h">
      <Filter>Header Files</Filter>
    </ClInclude>
    <ClInclude Include="gemm.h">
      <Filter>Header Files</Filter>
    </ClInclude>
    <ClInclude Include="mfcc.h">
      <Filter>Header Files</Filter>
    </ClInclude>
    <ClInclude Include="svm2.h">
      <Filter>Header Files</Filter>
    </ClInclude>
    <ClInclude Include="filter.h">
      <Filter>Header Files</Filter>
    </ClInclude>
    <ClInclude Include="augmentation.h">
      <Filter>Header Files</Filter>
    </ClInclude>
    <ClInclude Include="complex.h">
      <Filter>Header Files</Filter>
    </ClInclude>
    <ClInclude Include="kiss_fft.h">
      <Filter>Header Files</Filter>
    </ClInclude>
    <ClInclude Include="_kiss_fft_guts.h">
      <Filter>Header Files</Filter>
    </ClInclude>
    <ClInclude Include="syll_fragmentation.h">
      <Filter>Header Files</Filter>
    </ClInclude>
    <ClInclude Include="pa_memorybarrier.h">
      <Filter>Header Files</Filter>
    </ClInclude>
    <ClInclude Include="pa_ringbuffer.h">
      <Filter>Header Files</Filter>
    </ClInclude>
    <ClInclude Include="pa_util.h">
      <Filter>Header Files</Filter>
    </ClInclude>
    <ClInclude Include="experiment1.h">
      <Filter>Header Files</Filter>
    </ClInclude>
  </ItemGroup>
  <ItemGroup>
    <ClCompile Include="record.c">
      <Filter>Source Files</Filter>
    </ClCompile>
    <ClCompile Include="utils.c">
      <Filter>Source Files</Filter>
    </ClCompile>
    <ClCompile Include="main.c">
      <Filter>Source Files</Filter>
    </ClCompile>
    <ClCompile Include="svm.c">
      <Filter>Source Files</Filter>
    </ClCompile>
    <ClCompile Include="gemm.c">
      <Filter>Source Files</Filter>
    </ClCompile>
    <ClCompile Include="mfcc.c">
      <Filter>Source Files</Filter>
    </ClCompile>
    <ClCompile Include="svm2.cpp">
      <Filter>Source Files</Filter>
    </ClCompile>
    <ClCompile Include="filter.c">
      <Filter>Source Files</Filter>
    </ClCompile>
    <ClCompile Include="augmentation.c">
      <Filter>Source Files</Filter>
    </ClCompile>
    <ClCompile Include="complex.c">
      <Filter>Source Files</Filter>
    </ClCompile>
    <ClCompile Include="kiss_fft.c">
      <Filter>Source Files</Filter>
    </ClCompile>
    <ClCompile Include="syll_fragmentation.c">
      <Filter>Source Files</Filter>
    </ClCompile>
    <ClCompile Include="temp.c">
      <Filter>Source Files</Filter>
    </ClCompile>
    <ClCompile Include="pa_ringbuffer.c">
      <Filter>Source Files</Filter>
    </ClCompile>
    <ClCompile Include="pa_win_util.c">
      <Filter>Source Files</Filter>
    </ClCompile>
    <ClCompile Include="experiment1.c">
      <Filter>Source Files</Filter>
    </ClCompile>
    <ClCompile Include="trash.c">
      <Filter>Source Files</Filter>
    </ClCompile>
  </ItemGroup>
</Project>