
Microsoft Visual Studio Solution File, Format Version 12.00
# Visual Studio 15
VisualStudioVersion = 15.0.27428.2005
MinimumVisualStudioVersion = 10.0.40219.1
Project("{8BC9CEB8-8B4A-11D0-8D11-00A0C91BC942}") = "MFCC_Voice_Recogition", "MFCC_Voice_Recogition\MFCC_Voice_Recogition.vcxproj", "{27A68508-A1D1-4236-A925-B09C7311CE5A}"
EndProject
Global
	GlobalSection(SolutionConfigurationPlatforms) = preSolution
		Debug|x64 = Debug|x64
		Debug|x86 = Debug|x86
		Release|x64 = Release|x64
		Release|x86 = Release|x86
	EndGlobalSection
	GlobalSection(ProjectConfigurationPlatforms) = postSolution
		{27A68508-A1D1-4236-A925-B09C7311CE5A}.Debug|x64.ActiveCfg = Debug|x64
		{27A68508-A1D1-4236-A925-B09C7311CE5A}.Debug|x64.Build.0 = Debug|x64
		{27A68508-A1D1-4236-A925-B09C7311CE5A}.Debug|x86.ActiveCfg = Debug|Win32
		{27A68508-A1D1-4236-A925-B09C7311CE5A}.Debug|x86.Build.0 = Debug|Win32
		{27A68508-A1D1-4236-A925-B09C7311CE5A}.Release|x64.ActiveCfg = Release|x64
		{27A68508-A1D1-4236-A925-B09C7311CE5A}.Release|x64.Build.0 = Release|x64
		{27A68508-A1D1-4236-A925-B09C7311CE5A}.Release|x86.ActiveCfg = Release|Win32
		{27A68508-A1D1-4236-A925-B09C7311CE5A}.Release|x86.Build.0 = Release|Win32
	EndGlobalSection
	GlobalSection(SolutionProperties) = preSolution
		HideSolutionNode = FALSE
	EndGlobalSection
	GlobalSection(ExtensibilityGlobals) = postSolution
		SolutionGuid = {7000B165-9383-45A6-A68E-C8548B021953}
	EndGlobalSection
EndGlobal
